
Microsoft Visual Studio Solution File, Format Version 12.00
# Visual Studio Version 16
VisualStudioVersion = 16.0.32510.428
MinimumVisualStudioVersion = 10.0.40219.1
Project("{FAE04EC0-301F-11D3-BF4B-00C04F79EFBC}") = "DynamicObject", "DynamicObject\DynamicObject.csproj", "{446FB846-83B9-44C1-9A69-51A3149F2705}"
EndProject
Global
	GlobalSection(SolutionConfigurationPlatforms) = preSolution
		Debug|Any CPU = Debug|Any CPU
		Release|Any CPU = Release|Any CPU
	EndGlobalSection
	GlobalSection(ProjectConfigurationPlatforms) = postSolution
		{446FB846-83B9-44C1-9A69-51A3149F2705}.Debug|Any CPU.ActiveCfg = Debug|Any CPU
		{446FB846-83B9-44C1-9A69-51A3149F2705}.Debug|Any CPU.Build.0 = Debug|Any CPU
		{446FB846-83B9-44C1-9A69-51A3149F2705}.Release|Any CPU.ActiveCfg = Release|Any CPU
		{446FB846-83B9-44C1-9A69-51A3149F2705}.Release|Any CPU.Build.0 = Release|Any CPU
	EndGlobalSection
	GlobalSection(SolutionProperties) = preSolution
		HideSolutionNode = FALSE
	EndGlobalSection
	GlobalSection(ExtensibilityGlobals) = postSolution
		SolutionGuid = {59E84CD8-E942-41E5-A6AD-A5122A5E1C5B}
	EndGlobalSection
EndGlobal
